
Microsoft Visual Studio Solution File, Format Version 12.00
# Visual Studio Version 16
VisualStudioVersion = 16.0.28922.388
MinimumVisualStudioVersion = 10.0.40219.1
Project("{FAE04EC0-301F-11D3-BF4B-00C04F79EFBC}") = "AppTurmas.UWP", "AppTurmas\AppTurmas.UWP\AppTurmas.UWP.csproj", "{217EC0A7-8452-4D2D-8C94-77C9482DA77A}"
EndProject
Project("{FAE04EC0-301F-11D3-BF4B-00C04F79EFBC}") = "AppTurmas.Android", "AppTurmas\AppTurmas.Android\AppTurmas.Android.csproj", "{D0E9016D-9200-45C9-8940-338295714968}"
EndProject
Project("{FAE04EC0-301F-11D3-BF4B-00C04F79EFBC}") = "AppTurmas.iOS", "AppTurmas\AppTurmas.iOS\AppTurmas.iOS.csproj", "{8A65F542-46EA-48E6-AE9E-9106347D57F8}"
EndProject
Project("{FAE04EC0-301F-11D3-BF4B-00C04F79EFBC}") = "AppTurmas", "AppTurmas\AppTurmas\AppTurmas.csproj", "{55E1D107-9BA7-438D-ACF1-CCDD4E4FB0C5}"
EndProject
Global
	GlobalSection(SolutionConfigurationPlatforms) = preSolution
		Debug|Any CPU = Debug|Any CPU
		Debug|ARM = Debug|ARM
		Debug|iPhone = Debug|iPhone
		Debug|iPhoneSimulator = Debug|iPhoneSimulator
		Debug|x64 = Debug|x64
		Debug|x86 = Debug|x86
		Release|Any CPU = Release|Any CPU
		Release|ARM = Release|ARM
		Release|iPhone = Release|iPhone
		Release|iPhoneSimulator = Release|iPhoneSimulator
		Release|x64 = Release|x64
		Release|x86 = Release|x86
	EndGlobalSection
	GlobalSection(ProjectConfigurationPlatforms) = postSolution
		{217EC0A7-8452-4D2D-8C94-77C9482DA77A}.Debug|Any CPU.ActiveCfg = Debug|x86
		{217EC0A7-8452-4D2D-8C94-77C9482DA77A}.Debug|Any CPU.Build.0 = Debug|x86
		{217EC0A7-8452-4D2D-8C94-77C9482DA77A}.Debug|Any CPU.Deploy.0 = Debug|x86
		{217EC0A7-8452-4D2D-8C94-77C9482DA77A}.Debug|ARM.ActiveCfg = Debug|ARM
		{217EC0A7-8452-4D2D-8C94-77C9482DA77A}.Debug|ARM.Build.0 = Debug|ARM
		{217EC0A7-8452-4D2D-8C94-77C9482DA77A}.Debug|ARM.Deploy.0 = Debug|ARM
		{217EC0A7-8452-4D2D-8C94-77C9482DA77A}.Debug|iPhone.ActiveCfg = Debug|x86
		{217EC0A7-8452-4D2D-8C94-77C9482DA77A}.Debug|iPhone.Build.0 = Debug|x86
		{217EC0A7-8452-4D2D-8C94-77C9482DA77A}.Debug|iPhone.Deploy.0 = Debug|x86
		{217EC0A7-8452-4D2D-8C94-77C9482DA77A}.Debug|iPhoneSimulator.ActiveCfg = Debug|x86
		{217EC0A7-8452-4D2D-8C94-77C9482DA77A}.Debug|iPhoneSimulator.Build.0 = Debug|x86
		{217EC0A7-8452-4D2D-8C94-77C9482DA77A}.Debug|iPhoneSimulator.Deploy.0 = Debug|x86
		{217EC0A7-8452-4D2D-8C94-77C9482DA77A}.Debug|x64.ActiveCfg = Debug|x64
		{217EC0A7-8452-4D2D-8C94-77C9482DA77A}.Debug|x64.Build.0 = Debug|x64
		{217EC0A7-8452-4D2D-8C94-77C9482DA77A}.Debug|x64.Deploy.0 = Debug|x64
		{217EC0A7-8452-4D2D-8C94-77C9482DA77A}.Debug|x86.ActiveCfg = Debug|x86
		{217EC0A7-8452-4D2D-8C94-77C9482DA77A}.Debug|x86.Build.0 = Debug|x86
		{217EC0A7-8452-4D2D-8C94-77C9482DA77A}.Debug|x86.Deploy.0 = Debug|x86
		{217EC0A7-8452-4D2D-8C94-77C9482DA77A}.Release|Any CPU.ActiveCfg = Release|x86
		{217EC0A7-8452-4D2D-8C94-77C9482DA77A}.Release|Any CPU.Build.0 = Release|x86
		{217EC0A7-8452-4D2D-8C94-77C9482DA77A}.Release|Any CPU.Deploy.0 = Release|x86
		{217EC0A7-8452-4D2D-8C94-77C9482DA77A}.Release|ARM.ActiveCfg = Release|ARM
		{217EC0A7-8452-4D2D-8C94-77C9482DA77A}.Release|ARM.Build.0 = Release|ARM
		{217EC0A7-8452-4D2D-8C94-77C9482DA77A}.Release|ARM.Deploy.0 = Release|ARM
		{217EC0A7-8452-4D2D-8C94-77C9482DA77A}.Release|iPhone.ActiveCfg = Release|x86
		{217EC0A7-8452-4D2D-8C94-77C9482DA77A}.Release|iPhone.Build.0 = Release|x86
		{217EC0A7-8452-4D2D-8C94-77C9482DA77A}.Release|iPhone.Deploy.0 = Release|x86
		{217EC0A7-8452-4D2D-8C94-77C9482DA77A}.Release|iPhoneSimulator.ActiveCfg = Release|x86
		{217EC0A7-8452-4D2D-8C94-77C9482DA77A}.Release|iPhoneSimulator.Build.0 = Release|x86
		{217EC0A7-8452-4D2D-8C94-77C9482DA77A}.Release|iPhoneSimulator.Deploy.0 = Release|x86
		{217EC0A7-8452-4D2D-8C94-77C9482DA77A}.Release|x64.ActiveCfg = Release|x64
		{217EC0A7-8452-4D2D-8C94-77C9482DA77A}.Release|x64.Build.0 = Release|x64
		{217EC0A7-8452-4D2D-8C94-77C9482DA77A}.Release|x64.Deploy.0 = Release|x64
		{217EC0A7-8452-4D2D-8C94-77C9482DA77A}.Release|x86.ActiveCfg = Release|x86
		{217EC0A7-8452-4D2D-8C94-77C9482DA77A}.Release|x86.Build.0 = Release|x86
		{217EC0A7-8452-4D2D-8C94-77C9482DA77A}.Release|x86.Deploy.0 = Release|x86
		{D0E9016D-9200-45C9-8940-338295714968}.Debug|Any CPU.ActiveCfg = Debug|Any CPU
		{D0E9016D-9200-45C9-8940-338295714968}.Debug|Any CPU.Build.0 = Debug|Any CPU
		{D0E9016D-9200-45C9-8940-338295714968}.Debug|Any CPU.Deploy.0 = Debug|Any CPU
		{D0E9016D-9200-45C9-8940-338295714968}.Debug|ARM.ActiveCfg = Debug|Any CPU
		{D0E9016D-9200-45C9-8940-338295714968}.Debug|ARM.Build.0 = Debug|Any CPU
		{D0E9016D-9200-45C9-8940-338295714968}.Debug|ARM.Deploy.0 = Debug|Any CPU
		{D0E9016D-9200-45C9-8940-338295714968}.Debug|iPhone.ActiveCfg = Debug|Any CPU
		{D0E9016D-9200-45C9-8940-338295714968}.Debug|iPhone.Build.0 = Debug|Any CPU
		{D0E9016D-9200-45C9-8940-338295714968}.Debug|iPhone.Deploy.0 = Debug|Any CPU
		{D0E9016D-9200-45C9-8940-338295714968}.Debug|iPhoneSimulator.ActiveCfg = Debug|Any CPU
		{D0E9016D-9200-45C9-8940-338295714968}.Debug|iPhoneSimulator.Build.0 = Debug|Any CPU
		{D0E9016D-9200-45C9-8940-338295714968}.Debug|iPhoneSimulator.Deploy.0 = Debug|Any CPU
		{D0E9016D-9200-45C9-8940-338295714968}.Debug|x64.ActiveCfg = Debug|Any CPU
		{D0E9016D-9200-45C9-8940-338295714968}.Debug|x64.Build.0 = Debug|Any CPU
		{D0E9016D-9200-45C9-8940-338295714968}.Debug|x64.Deploy.0 = Debug|Any CPU
		{D0E9016D-9200-45C9-8940-338295714968}.Debug|x86.ActiveCfg = Debug|Any CPU
		{D0E9016D-9200-45C9-8940-338295714968}.Debug|x86.Build.0 = Debug|Any CPU
		{D0E9016D-9200-45C9-8940-338295714968}.Debug|x86.Deploy.0 = Debug|Any CPU
		{D0E9016D-9200-45C9-8940-338295714968}.Release|Any CPU.ActiveCfg = Release|Any CPU
		{D0E9016D-9200-45C9-8940-338295714968}.Release|Any CPU.Build.0 = Release|Any CPU
		{D0E9016D-9200-45C9-8940-338295714968}.Release|Any CPU.Deploy.0 = Release|Any CPU
		{D0E9016D-9200-45C9-8940-338295714968}.Release|ARM.ActiveCfg = Release|Any CPU
		{D0E9016D-9200-45C9-8940-338295714968}.Release|ARM.Build.0 = Release|Any CPU
		{D0E9016D-9200-45C9-8940-338295714968}.Release|ARM.Deploy.0 = Release|Any CPU
		{D0E9016D-9200-45C9-8940-338295714968}.Release|iPhone.ActiveCfg = Release|Any CPU
		{D0E9016D-9200-45C9-8940-338295714968}.Release|iPhone.Build.0 = Release|Any CPU
		{D0E9016D-9200-45C9-8940-338295714968}.Release|iPhone.Deploy.0 = Release|Any CPU
		{D0E9016D-9200-45C9-8940-338295714968}.Release|iPhoneSimulator.ActiveCfg = Release|Any CPU
		{D0E9016D-9200-45C9-8940-338295714968}.Release|iPhoneSimulator.Build.0 = Release|Any CPU
		{D0E9016D-9200-45C9-8940-338295714968}.Release|iPhoneSimulator.Deploy.0 = Release|Any CPU
		{D0E9016D-9200-45C9-8940-338295714968}.Release|x64.ActiveCfg = Release|Any CPU
		{D0E9016D-9200-45C9-8940-338295714968}.Release|x64.Build.0 = Release|Any CPU
		{D0E9016D-9200-45C9-8940-338295714968}.Release|x64.Deploy.0 = Release|Any CPU
		{D0E9016D-9200-45C9-8940-338295714968}.Release|x86.ActiveCfg = Release|Any CPU
		{D0E9016D-9200-45C9-8940-338295714968}.Release|x86.Build.0 = Release|Any CPU
		{D0E9016D-9200-45C9-8940-338295714968}.Release|x86.Deploy.0 = Release|Any CPU
		{8A65F542-46EA-48E6-AE9E-9106347D57F8}.Debug|Any CPU.ActiveCfg = Debug|iPhone
		{8A65F542-46EA-48E6-AE9E-9106347D57F8}.Debug|Any CPU.Build.0 = Debug|iPhone
		{8A65F542-46EA-48E6-AE9E-9106347D57F8}.Debug|Any CPU.Deploy.0 = Debug|iPhone
		{8A65F542-46EA-48E6-AE9E-9106347D57F8}.Debug|ARM.ActiveCfg = Debug|iPhoneSimulator
		{8A65F542-46EA-48E6-AE9E-9106347D57F8}.Debug|ARM.Build.0 = Debug|iPhoneSimulator
		{8A65F542-46EA-48E6-AE9E-9106347D57F8}.Debug|ARM.Deploy.0 = Debug|iPhoneSimulator
		{8A65F542-46EA-48E6-AE9E-9106347D57F8}.Debug|iPhone.ActiveCfg = Debug|iPhone
		{8A65F542-46EA-48E6-AE9E-9106347D57F8}.Debug|iPhone.Build.0 = Debug|iPhone
		{8A65F542-46EA-48E6-AE9E-9106347D57F8}.Debug|iPhone.Deploy.0 = Debug|iPhone
		{8A65F542-46EA-48E6-AE9E-9106347D57F8}.Debug|iPhoneSimulator.ActiveCfg = Debug|iPhoneSimulator
		{8A65F542-46EA-48E6-AE9E-9106347D57F8}.Debug|iPhoneSimulator.Build.0 = Debug|iPhoneSimulator
		{8A65F542-46EA-48E6-AE9E-9106347D57F8}.Debug|iPhoneSimulator.Deploy.0 = Debug|iPhoneSimulator
		{8A65F542-46EA-48E6-AE9E-9106347D57F8}.Debug|x64.ActiveCfg = Debug|iPhone
		{8A65F542-46EA-48E6-AE9E-9106347D57F8}.Debug|x64.Build.0 = Debug|iPhone
		{8A65F542-46EA-48E6-AE9E-9106347D57F8}.Debug|x64.Deploy.0 = Debug|iPhone
		{8A65F542-46EA-48E6-AE9E-9106347D57F8}.Debug|x86.ActiveCfg = Debug|iPhone
		{8A65F542-46EA-48E6-AE9E-9106347D57F8}.Debug|x86.Build.0 = Debug|iPhone
		{8A65F542-46EA-48E6-AE9E-9106347D57F8}.Debug|x86.Deploy.0 = Debug|iPhone
		{8A65F542-46EA-48E6-AE9E-9106347D57F8}.Release|Any CPU.ActiveCfg = Release|iPhone
		{8A65F542-46EA-48E6-AE9E-9106347D57F8}.Release|Any CPU.Build.0 = Release|iPhone
		{8A65F542-46EA-48E6-AE9E-9106347D57F8}.Release|Any CPU.Deploy.0 = Release|iPhone
		{8A65F542-46EA-48E6-AE9E-9106347D57F8}.Release|ARM.ActiveCfg = Release|iPhone
		{8A65F542-46EA-48E6-AE9E-9106347D57F8}.Release|ARM.Build.0 = Release|iPhone
		{8A65F542-46EA-48E6-AE9E-9106347D57F8}.Release|ARM.Deploy.0 = Release|iPhone
		{8A65F542-46EA-48E6-AE9E-9106347D57F8}.Release|iPhone.ActiveCfg = Release|iPhone
		{8A65F542-46EA-48E6-AE9E-9106347D57F8}.Release|iPhone.Build.0 = Release|iPhone
		{8A65F542-46EA-48E6-AE9E-9106347D57F8}.Release|iPhone.Deploy.0 = Release|iPhone
		{8A65F542-46EA-48E6-AE9E-9106347D57F8}.Release|iPhoneSimulator.ActiveCfg = Release|iPhoneSimulator
		{8A65F542-46EA-48E6-AE9E-9106347D57F8}.Release|iPhoneSimulator.Build.0 = Release|iPhoneSimulator
		{8A65F542-46EA-48E6-AE9E-9106347D57F8}.Release|iPhoneSimulator.Deploy.0 = Release|iPhoneSimulator
		{8A65F542-46EA-48E6-AE9E-9106347D57F8}.Release|x64.ActiveCfg = Release|iPhone
		{8A65F542-46EA-48E6-AE9E-9106347D57F8}.Release|x64.Build.0 = Release|iPhone
		{8A65F542-46EA-48E6-AE9E-9106347D57F8}.Release|x64.Deploy.0 = Release|iPhone
		{8A65F542-46EA-48E6-AE9E-9106347D57F8}.Release|x86.ActiveCfg = Release|iPhone
		{8A65F542-46EA-48E6-AE9E-9106347D57F8}.Release|x86.Build.0 = Release|iPhone
		{8A65F542-46EA-48E6-AE9E-9106347D57F8}.Release|x86.Deploy.0 = Release|iPhone
		{55E1D107-9BA7-438D-ACF1-CCDD4E4FB0C5}.Debug|Any CPU.ActiveCfg = Debug|Any CPU
		{55E1D107-9BA7-438D-ACF1-CCDD4E4FB0C5}.Debug|Any CPU.Build.0 = Debug|Any CPU
		{55E1D107-9BA7-438D-ACF1-CCDD4E4FB0C5}.Debug|Any CPU.Deploy.0 = Debug|Any CPU
		{55E1D107-9BA7-438D-ACF1-CCDD4E4FB0C5}.Debug|ARM.ActiveCfg = Debug|Any CPU
		{55E1D107-9BA7-438D-ACF1-CCDD4E4FB0C5}.Debug|ARM.Build.0 = Debug|Any CPU
		{55E1D107-9BA7-438D-ACF1-CCDD4E4FB0C5}.Debug|ARM.Deploy.0 = Debug|Any CPU
		{55E1D107-9BA7-438D-ACF1-CCDD4E4FB0C5}.Debug|iPhone.ActiveCfg = Debug|Any CPU
		{55E1D107-9BA7-438D-ACF1-CCDD4E4FB0C5}.Debug|iPhone.Build.0 = Debug|Any CPU
		{55E1D107-9BA7-438D-ACF1-CCDD4E4FB0C5}.Debug|iPhone.Deploy.0 = Debug|Any CPU
		{55E1D107-9BA7-438D-ACF1-CCDD4E4FB0C5}.Debug|iPhoneSimulator.ActiveCfg = Debug|Any CPU
		{55E1D107-9BA7-438D-ACF1-CCDD4E4FB0C5}.Debug|iPhoneSimulator.Build.0 = Debug|Any CPU
		{55E1D107-9BA7-438D-ACF1-CCDD4E4FB0C5}.Debug|iPhoneSimulator.Deploy.0 = Debug|Any CPU
		{55E1D107-9BA7-438D-ACF1-CCDD4E4FB0C5}.Debug|x64.ActiveCfg = Debug|Any CPU
		{55E1D107-9BA7-438D-ACF1-CCDD4E4FB0C5}.Debug|x64.Build.0 = Debug|Any CPU
		{55E1D107-9BA7-438D-ACF1-CCDD4E4FB0C5}.Debug|x64.Deploy.0 = Debug|Any CPU
		{55E1D107-9BA7-438D-ACF1-CCDD4E4FB0C5}.Debug|x86.ActiveCfg = Debug|Any CPU
		{55E1D107-9BA7-438D-ACF1-CCDD4E4FB0C5}.Debug|x86.Build.0 = Debug|Any CPU
		{55E1D107-9BA7-438D-ACF1-CCDD4E4FB0C5}.Debug|x86.Deploy.0 = Debug|Any CPU
		{55E1D107-9BA7-438D-ACF1-CCDD4E4FB0C5}.Release|Any CPU.ActiveCfg = Release|Any CPU
		{55E1D107-9BA7-438D-ACF1-CCDD4E4FB0C5}.Release|Any CPU.Build.0 = Release|Any CPU
		{55E1D107-9BA7-438D-ACF1-CCDD4E4FB0C5}.Release|Any CPU.Deploy.0 = Release|Any CPU
		{55E1D107-9BA7-438D-ACF1-CCDD4E4FB0C5}.Release|ARM.ActiveCfg = Release|Any CPU
		{55E1D107-9BA7-438D-ACF1-CCDD4E4FB0C5}.Release|ARM.Build.0 = Release|Any CPU
		{55E1D107-9BA7-438D-ACF1-CCDD4E4FB0C5}.Release|ARM.Deploy.0 = Release|Any CPU
		{55E1D107-9BA7-438D-ACF1-CCDD4E4FB0C5}.Release|iPhone.ActiveCfg = Release|Any CPU
		{55E1D107-9BA7-438D-ACF1-CCDD4E4FB0C5}.Release|iPhone.Build.0 = Release|Any CPU
		{55E1D107-9BA7-438D-ACF1-CCDD4E4FB0C5}.Release|iPhone.Deploy.0 = Release|Any CPU
		{55E1D107-9BA7-438D-ACF1-CCDD4E4FB0C5}.Release|iPhoneSimulator.ActiveCfg = Release|Any CPU
		{55E1D107-9BA7-438D-ACF1-CCDD4E4FB0C5}.Release|iPhoneSimulator.Build.0 = Release|Any CPU
		{55E1D107-9BA7-438D-ACF1-CCDD4E4FB0C5}.Release|iPhoneSimulator.Deploy.0 = Release|Any CPU
		{55E1D107-9BA7-438D-ACF1-CCDD4E4FB0C5}.Release|x64.ActiveCfg = Release|Any CPU
		{55E1D107-9BA7-438D-ACF1-CCDD4E4FB0C5}.Release|x64.Build.0 = Release|Any CPU
		{55E1D107-9BA7-438D-ACF1-CCDD4E4FB0C5}.Release|x64.Deploy.0 = Release|Any CPU
		{55E1D107-9BA7-438D-ACF1-CCDD4E4FB0C5}.Release|x86.ActiveCfg = Release|Any CPU
		{55E1D107-9BA7-438D-ACF1-CCDD4E4FB0C5}.Release|x86.Build.0 = Release|Any CPU
		{55E1D107-9BA7-438D-ACF1-CCDD4E4FB0C5}.Release|x86.Deploy.0 = Release|Any CPU
	EndGlobalSection
	GlobalSection(SolutionProperties) = preSolution
		HideSolutionNode = FALSE
	EndGlobalSection
	GlobalSection(ExtensibilityGlobals) = postSolution
		SolutionGuid = {22E89225-BBD9-45D0-986B-0607AC56C044}
	EndGlobalSection
EndGlobal
